
Microsoft Visual Studio Solution File, Format Version 12.00
# Visual Studio Version 17
VisualStudioVersion = 17.7.34031.279
MinimumVisualStudioVersion = 10.0.40219.1
Project("{8BC9CEB8-8B4A-11D0-8D11-00A0C91BC942}") = "MyVision", "MyVision\MyVision.vcxproj", "{B0757D65-28E5-4021-A2B1-D71C0B640B70}"
EndProject
Global
	GlobalSection(SolutionConfigurationPlatforms) = preSolution
		Debug|x64 = Debug|x64
		Debug|x86 = Debug|x86
		Release|x64 = Release|x64
		Release|x86 = Release|x86
	EndGlobalSection
	GlobalSection(ProjectConfigurationPlatforms) = postSolution
		{B0757D65-28E5-4021-A2B1-D71C0B640B70}.Debug|x64.ActiveCfg = Debug|x64
		{B0757D65-28E5-4021-A2B1-D71C0B640B70}.Debug|x64.Build.0 = Debug|x64
		{B0757D65-28E5-4021-A2B1-D71C0B640B70}.Debug|x86.ActiveCfg = Debug|Win32
		{B0757D65-28E5-4021-A2B1-D71C0B640B70}.Debug|x86.Build.0 = Debug|Win32
		{B0757D65-28E5-4021-A2B1-D71C0B640B70}.Release|x64.ActiveCfg = Release|x64
		{B0757D65-28E5-4021-A2B1-D71C0B640B70}.Release|x64.Build.0 = Release|x64
		{B0757D65-28E5-4021-A2B1-D71C0B640B70}.Release|x86.ActiveCfg = Release|Win32
		{B0757D65-28E5-4021-A2B1-D71C0B640B70}.Release|x86.Build.0 = Release|Win32
	EndGlobalSection
	GlobalSection(SolutionProperties) = preSolution
		HideSolutionNode = FALSE
	EndGlobalSection
	GlobalSection(ExtensibilityGlobals) = postSolution
		SolutionGuid = {04DECFD9-A7B7-4CB3-ACC6-F8051CAA8294}
	EndGlobalSection
EndGlobal
